
Microsoft Visual Studio Solution File, Format Version 12.00
# Visual Studio Version 17
VisualStudioVersion = 17.0.31815.197
MinimumVisualStudioVersion = 10.0.40219.1
Project("{FAE04EC0-301F-11D3-BF4B-00C04F79EFBC}") = "KPMG.API.Core", "KPMG\KPMG.API.Core.csproj", "{ABA2B32F-9AF5-4B64-B0F1-74A2274D7CB2}"
EndProject
Project("{2150E333-8FDC-42A3-9474-1A3956D46DE8}") = "1.Presentation", "1.Presentation", "{2CE1D147-759C-4C8F-8CC0-F164AC6758FF}"
EndProject
Project("{2150E333-8FDC-42A3-9474-1A3956D46DE8}") = "2.Services", "2.Services", "{5BDFA303-13AF-4C21-8C5C-CAE15674629C}"
EndProject
Project("{2150E333-8FDC-42A3-9474-1A3956D46DE8}") = "9.Testes", "9.Testes", "{D9727996-81A8-4B47-A07A-EE7A0503004F}"
EndProject
Project("{2150E333-8FDC-42A3-9474-1A3956D46DE8}") = "Core", "Core", "{FDCAC4E6-9C3A-4F86-89F5-039A0E2E01B5}"
EndProject
Project("{2150E333-8FDC-42A3-9474-1A3956D46DE8}") = "Satelite", "Satelite", "{9FF5EE77-6D49-4FB3-B5E1-86D87C45593F}"
EndProject
Project("{FAE04EC0-301F-11D3-BF4B-00C04F79EFBC}") = "KPMG.API.Satelite", "KPMG.API.Satelite\KPMG.API.Satelite.csproj", "{1F8CEC60-9851-4D48-9893-36E513DA6A16}"
EndProject
Project("{FAE04EC0-301F-11D3-BF4B-00C04F79EFBC}") = "KPMG.Domain", "KPMG.Domain\KPMG.Domain.csproj", "{DA2ABB3D-9FC6-4809-AF46-69A4571408A4}"
EndProject
Project("{FAE04EC0-301F-11D3-BF4B-00C04F79EFBC}") = "KPMG.Infrastructure", "KPMG.Infrastructure\KPMG.Infrastructure.csproj", "{849EA4ED-6499-47B8-9883-B5713A597E05}"
EndProject
Project("{FAE04EC0-301F-11D3-BF4B-00C04F79EFBC}") = "KPMG.Web", "KPMG.Web\KPMG.Web.csproj", "{E330306A-8739-4A56-8543-756265380CE0}"
EndProject
Project("{FAE04EC0-301F-11D3-BF4B-00C04F79EFBC}") = "KPMG.API.SateliteTests", "KPMG.API.SateliteTests\KPMG.API.SateliteTests.csproj", "{1F571BDA-03D3-49C5-BA64-1C8F3899BB7F}"
EndProject
Project("{FAE04EC0-301F-11D3-BF4B-00C04F79EFBC}") = "KPMG.API.CoreTests", "KPMG.API.CoreTests\KPMG.API.CoreTests.csproj", "{F2917561-E01B-4059-9230-88AC6772BD58}"
EndProject
Global
	GlobalSection(SolutionConfigurationPlatforms) = preSolution
		Debug|Any CPU = Debug|Any CPU
		Release|Any CPU = Release|Any CPU
	EndGlobalSection
	GlobalSection(ProjectConfigurationPlatforms) = postSolution
		{ABA2B32F-9AF5-4B64-B0F1-74A2274D7CB2}.Debug|Any CPU.ActiveCfg = Debug|Any CPU
		{ABA2B32F-9AF5-4B64-B0F1-74A2274D7CB2}.Debug|Any CPU.Build.0 = Debug|Any CPU
		{ABA2B32F-9AF5-4B64-B0F1-74A2274D7CB2}.Release|Any CPU.ActiveCfg = Release|Any CPU
		{ABA2B32F-9AF5-4B64-B0F1-74A2274D7CB2}.Release|Any CPU.Build.0 = Release|Any CPU
		{1F8CEC60-9851-4D48-9893-36E513DA6A16}.Debug|Any CPU.ActiveCfg = Debug|Any CPU
		{1F8CEC60-9851-4D48-9893-36E513DA6A16}.Debug|Any CPU.Build.0 = Debug|Any CPU
		{1F8CEC60-9851-4D48-9893-36E513DA6A16}.Release|Any CPU.ActiveCfg = Release|Any CPU
		{1F8CEC60-9851-4D48-9893-36E513DA6A16}.Release|Any CPU.Build.0 = Release|Any CPU
		{DA2ABB3D-9FC6-4809-AF46-69A4571408A4}.Debug|Any CPU.ActiveCfg = Debug|Any CPU
		{DA2ABB3D-9FC6-4809-AF46-69A4571408A4}.Debug|Any CPU.Build.0 = Debug|Any CPU
		{DA2ABB3D-9FC6-4809-AF46-69A4571408A4}.Release|Any CPU.ActiveCfg = Release|Any CPU
		{DA2ABB3D-9FC6-4809-AF46-69A4571408A4}.Release|Any CPU.Build.0 = Release|Any CPU
		{849EA4ED-6499-47B8-9883-B5713A597E05}.Debug|Any CPU.ActiveCfg = Debug|Any CPU
		{849EA4ED-6499-47B8-9883-B5713A597E05}.Debug|Any CPU.Build.0 = Debug|Any CPU
		{849EA4ED-6499-47B8-9883-B5713A597E05}.Release|Any CPU.ActiveCfg = Release|Any CPU
		{849EA4ED-6499-47B8-9883-B5713A597E05}.Release|Any CPU.Build.0 = Release|Any CPU
		{E330306A-8739-4A56-8543-756265380CE0}.Debug|Any CPU.ActiveCfg = Debug|Any CPU
		{E330306A-8739-4A56-8543-756265380CE0}.Debug|Any CPU.Build.0 = Debug|Any CPU
		{E330306A-8739-4A56-8543-756265380CE0}.Release|Any CPU.ActiveCfg = Release|Any CPU
		{E330306A-8739-4A56-8543-756265380CE0}.Release|Any CPU.Build.0 = Release|Any CPU
		{1F571BDA-03D3-49C5-BA64-1C8F3899BB7F}.Debug|Any CPU.ActiveCfg = Debug|Any CPU
		{1F571BDA-03D3-49C5-BA64-1C8F3899BB7F}.Debug|Any CPU.Build.0 = Debug|Any CPU
		{1F571BDA-03D3-49C5-BA64-1C8F3899BB7F}.Release|Any CPU.ActiveCfg = Release|Any CPU
		{1F571BDA-03D3-49C5-BA64-1C8F3899BB7F}.Release|Any CPU.Build.0 = Release|Any CPU
		{F2917561-E01B-4059-9230-88AC6772BD58}.Debug|Any CPU.ActiveCfg = Debug|Any CPU
		{F2917561-E01B-4059-9230-88AC6772BD58}.Debug|Any CPU.Build.0 = Debug|Any CPU
		{F2917561-E01B-4059-9230-88AC6772BD58}.Release|Any CPU.ActiveCfg = Release|Any CPU
		{F2917561-E01B-4059-9230-88AC6772BD58}.Release|Any CPU.Build.0 = Release|Any CPU
	EndGlobalSection
	GlobalSection(SolutionProperties) = preSolution
		HideSolutionNode = FALSE
	EndGlobalSection
	GlobalSection(NestedProjects) = preSolution
		{ABA2B32F-9AF5-4B64-B0F1-74A2274D7CB2} = {FDCAC4E6-9C3A-4F86-89F5-039A0E2E01B5}
		{FDCAC4E6-9C3A-4F86-89F5-039A0E2E01B5} = {5BDFA303-13AF-4C21-8C5C-CAE15674629C}
		{9FF5EE77-6D49-4FB3-B5E1-86D87C45593F} = {5BDFA303-13AF-4C21-8C5C-CAE15674629C}
		{1F8CEC60-9851-4D48-9893-36E513DA6A16} = {9FF5EE77-6D49-4FB3-B5E1-86D87C45593F}
		{DA2ABB3D-9FC6-4809-AF46-69A4571408A4} = {FDCAC4E6-9C3A-4F86-89F5-039A0E2E01B5}
		{849EA4ED-6499-47B8-9883-B5713A597E05} = {FDCAC4E6-9C3A-4F86-89F5-039A0E2E01B5}
		{E330306A-8739-4A56-8543-756265380CE0} = {2CE1D147-759C-4C8F-8CC0-F164AC6758FF}
		{1F571BDA-03D3-49C5-BA64-1C8F3899BB7F} = {D9727996-81A8-4B47-A07A-EE7A0503004F}
		{F2917561-E01B-4059-9230-88AC6772BD58} = {D9727996-81A8-4B47-A07A-EE7A0503004F}
	EndGlobalSection
	GlobalSection(ExtensibilityGlobals) = postSolution
		SolutionGuid = {7B99C507-EF97-48BA-856C-C2961D3BBD54}
	EndGlobalSection
EndGlobal
